
Microsoft Visual Studio Solution File, Format Version 12.00
# Visual Studio Version 17
VisualStudioVersion = 17.6.33829.357
MinimumVisualStudioVersion = 10.0.40219.1
Project("{9A19103F-16F7-4668-BE54-9A1E7A4F7556}") = "Playbill", "Playbill.csproj", "{95303F21-7EE8-4E0F-A29A-C921B3B98D84}"
EndProject
Project("{FAE04EC0-301F-11D3-BF4B-00C04F79EFBC}") = "DbSqlite", "..\DbSqlite\DbSqlite.csproj", "{3D51D2F0-831F-44B8-9054-E9E68EF4076B}"
EndProject
Project("{FAE04EC0-301F-11D3-BF4B-00C04F79EFBC}") = "Models", "..\Models\Models.csproj", "{A9BDEF95-F11E-494C-95E6-ED0777B1BE76}"
EndProject
Project("{FAE04EC0-301F-11D3-BF4B-00C04F79EFBC}") = "Repository", "..\Repository\Repository.csproj", "{3DD2104A-328B-407D-8B2E-246872F35FAF}"
EndProject
Global
	GlobalSection(SolutionConfigurationPlatforms) = preSolution
		Debug|Any CPU = Debug|Any CPU
		Release|Any CPU = Release|Any CPU
	EndGlobalSection
	GlobalSection(ProjectConfigurationPlatforms) = postSolution
		{95303F21-7EE8-4E0F-A29A-C921B3B98D84}.Debug|Any CPU.ActiveCfg = Debug|Any CPU
		{95303F21-7EE8-4E0F-A29A-C921B3B98D84}.Debug|Any CPU.Build.0 = Debug|Any CPU
		{95303F21-7EE8-4E0F-A29A-C921B3B98D84}.Release|Any CPU.ActiveCfg = Release|Any CPU
		{95303F21-7EE8-4E0F-A29A-C921B3B98D84}.Release|Any CPU.Build.0 = Release|Any CPU
		{3D51D2F0-831F-44B8-9054-E9E68EF4076B}.Debug|Any CPU.ActiveCfg = Debug|Any CPU
		{3D51D2F0-831F-44B8-9054-E9E68EF4076B}.Debug|Any CPU.Build.0 = Debug|Any CPU
		{3D51D2F0-831F-44B8-9054-E9E68EF4076B}.Release|Any CPU.ActiveCfg = Release|Any CPU
		{3D51D2F0-831F-44B8-9054-E9E68EF4076B}.Release|Any CPU.Build.0 = Release|Any CPU
		{A9BDEF95-F11E-494C-95E6-ED0777B1BE76}.Debug|Any CPU.ActiveCfg = Debug|Any CPU
		{A9BDEF95-F11E-494C-95E6-ED0777B1BE76}.Debug|Any CPU.Build.0 = Debug|Any CPU
		{A9BDEF95-F11E-494C-95E6-ED0777B1BE76}.Release|Any CPU.ActiveCfg = Release|Any CPU
		{A9BDEF95-F11E-494C-95E6-ED0777B1BE76}.Release|Any CPU.Build.0 = Release|Any CPU
		{3DD2104A-328B-407D-8B2E-246872F35FAF}.Debug|Any CPU.ActiveCfg = Debug|Any CPU
		{3DD2104A-328B-407D-8B2E-246872F35FAF}.Debug|Any CPU.Build.0 = Debug|Any CPU
		{3DD2104A-328B-407D-8B2E-246872F35FAF}.Release|Any CPU.ActiveCfg = Release|Any CPU
		{3DD2104A-328B-407D-8B2E-246872F35FAF}.Release|Any CPU.Build.0 = Release|Any CPU
	EndGlobalSection
	GlobalSection(SolutionProperties) = preSolution
		HideSolutionNode = FALSE
	EndGlobalSection
	GlobalSection(ExtensibilityGlobals) = postSolution
		SolutionGuid = {AE5C126C-7C93-48B2-B23D-F452307EBDC5}
	EndGlobalSection
EndGlobal
