
Microsoft Visual Studio Solution File, Format Version 12.00
# Visual Studio Version 17
VisualStudioVersion = 17.6.33829.357
MinimumVisualStudioVersion = 10.0.40219.1
Project("{FAE04EC0-301F-11D3-BF4B-00C04F79EFBC}") = "Playbill", "Playbill.csproj", "{95303F21-7EE8-4E0F-A29A-C921B3B98D84}"
EndProject
Global
	GlobalSection(SolutionConfigurationPlatforms) = preSolution
		Debug|Any CPU = Debug|Any CPU
		Release|Any CPU = Release|Any CPU
	EndGlobalSection
	GlobalSection(ProjectConfigurationPlatforms) = postSolution
		{95303F21-7EE8-4E0F-A29A-C921B3B98D84}.Debug|Any CPU.ActiveCfg = Debug|Any CPU
		{95303F21-7EE8-4E0F-A29A-C921B3B98D84}.Debug|Any CPU.Build.0 = Debug|Any CPU
		{95303F21-7EE8-4E0F-A29A-C921B3B98D84}.Release|Any CPU.ActiveCfg = Release|Any CPU
		{95303F21-7EE8-4E0F-A29A-C921B3B98D84}.Release|Any CPU.Build.0 = Release|Any CPU
	EndGlobalSection
	GlobalSection(SolutionProperties) = preSolution
		HideSolutionNode = FALSE
	EndGlobalSection
	GlobalSection(ExtensibilityGlobals) = postSolution
		SolutionGuid = {AE5C126C-7C93-48B2-B23D-F452307EBDC5}
	EndGlobalSection
EndGlobal
